
Microsoft Visual Studio Solution File, Format Version 12.00
# Visual Studio Version 16
VisualStudioVersion = 16.0.32510.428
MinimumVisualStudioVersion = 10.0.40219.1
Project("{FAE04EC0-301F-11D3-BF4B-00C04F79EFBC}") = "RMQ", "RMQ\RMQ.csproj", "{38489C3D-1E29-413D-8553-26CEEB3952E8}"
EndProject
Global
	GlobalSection(SolutionConfigurationPlatforms) = preSolution
		Debug|Any CPU = Debug|Any CPU
		Release|Any CPU = Release|Any CPU
	EndGlobalSection
	GlobalSection(ProjectConfigurationPlatforms) = postSolution
		{38489C3D-1E29-413D-8553-26CEEB3952E8}.Debug|Any CPU.ActiveCfg = Debug|Any CPU
		{38489C3D-1E29-413D-8553-26CEEB3952E8}.Debug|Any CPU.Build.0 = Debug|Any CPU
		{38489C3D-1E29-413D-8553-26CEEB3952E8}.Release|Any CPU.ActiveCfg = Release|Any CPU
		{38489C3D-1E29-413D-8553-26CEEB3952E8}.Release|Any CPU.Build.0 = Release|Any CPU
	EndGlobalSection
	GlobalSection(SolutionProperties) = preSolution
		HideSolutionNode = FALSE
	EndGlobalSection
	GlobalSection(ExtensibilityGlobals) = postSolution
		SolutionGuid = {8532A082-4DA4-4903-BCD5-B93C307E66AC}
	EndGlobalSection
EndGlobal
